
Microsoft Visual Studio Solution File, Format Version 12.00
# Visual Studio Version 17
VisualStudioVersion = 17.11.35208.52
MinimumVisualStudioVersion = 10.0.40219.1
Project("{FAE04EC0-301F-11D3-BF4B-00C04F79EFBC}") = "tehtava3(laskin)", "tehtava3(laskin)\tehtava3(laskin).csproj", "{DC3A03E1-10DD-423F-862D-1DB92012ACC6}"
EndProject
Global
	GlobalSection(SolutionConfigurationPlatforms) = preSolution
		Debug|Any CPU = Debug|Any CPU
		Release|Any CPU = Release|Any CPU
	EndGlobalSection
	GlobalSection(ProjectConfigurationPlatforms) = postSolution
		{DC3A03E1-10DD-423F-862D-1DB92012ACC6}.Debug|Any CPU.ActiveCfg = Debug|Any CPU
		{DC3A03E1-10DD-423F-862D-1DB92012ACC6}.Debug|Any CPU.Build.0 = Debug|Any CPU
		{DC3A03E1-10DD-423F-862D-1DB92012ACC6}.Release|Any CPU.ActiveCfg = Release|Any CPU
		{DC3A03E1-10DD-423F-862D-1DB92012ACC6}.Release|Any CPU.Build.0 = Release|Any CPU
	EndGlobalSection
	GlobalSection(SolutionProperties) = preSolution
		HideSolutionNode = FALSE
	EndGlobalSection
	GlobalSection(ExtensibilityGlobals) = postSolution
		SolutionGuid = {46846DED-0D9B-4E60-B829-76E4592C5002}
	EndGlobalSection
EndGlobal
